<?xml version="1.0" encoding="utf-8"?>
<Project ToolsVersion="4.0" xmlns="http://schemas.microsoft.com/developer/msbuild/2003">
  <ItemGroup>
    <Filter Include="소스 파일">
      <UniqueIdentifier>{4FC737F1-C7A5-4376-A066-2A32D752A2FF}</UniqueIdentifier>
      <Extensions>cpp;c;cc;cxx;def;odl;idl;hpj;bat;asm;asmx</Extensions>
    </Filter>
    <Filter Include="헤더 파일">
      <UniqueIdentifier>{93995380-89BD-4b04-88EB-625FBE52EBFB}</UniqueIdentifier>
      <Extensions>h;hh;hpp;hxx;hm;inl;inc;xsd</Extensions>
    </Filter>
    <Filter Include="헤더 파일\FMOD">
      <UniqueIdentifier>{93385a57-6d1c-4bd9-94c5-7a325b2be382}</UniqueIdentifier>
    </Filter>
    <Filter Include="헤더 파일\bgCore">
      <UniqueIdentifier>{eac3aa38-5bd9-44f1-a93d-45e30197aeee}</UniqueIdentifier>
    </Filter>
    <Filter Include="소스 파일\bgCore">
      <UniqueIdentifier>{9611020b-c723-43e0-97f1-6818c23ae3ef}</UniqueIdentifier>
    </Filter>
    <Filter Include="헤더 파일\bgCore\Common">
      <UniqueIdentifier>{ed06c45b-baac-4114-97a3-68421f2150e3}</UniqueIdentifier>
    </Filter>
    <Filter Include="헤더 파일\bgShape">
      <UniqueIdentifier>{f8ba504c-7e92-4a6d-be5d-875561f53c8c}</UniqueIdentifier>
    </Filter>
    <Filter Include="소스 파일\bgShape">
      <UniqueIdentifier>{628d2304-1882-4216-906c-98cca8b7e6c4}</UniqueIdentifier>
    </Filter>
  </ItemGroup>
  <ItemGroup>
    <ClInclude Include="..\..\FMOD\include\fmod.h">
      <Filter>헤더 파일\FMOD</Filter>
    </ClInclude>
    <ClInclude Include="..\..\FMOD\include\fmod.hpp">
      <Filter>헤더 파일\FMOD</Filter>
    </ClInclude>
    <ClInclude Include="..\..\FMOD\include\fmod_codec.h">
      <Filter>헤더 파일\FMOD</Filter>
    </ClInclude>
    <ClInclude Include="..\..\FMOD\include\fmod_dsp.h">
      <Filter>헤더 파일\FMOD</Filter>
    </ClInclude>
    <ClInclude Include="..\..\FMOD\include\fmod_errors.h">
      <Filter>헤더 파일\FMOD</Filter>
    </ClInclude>
    <ClInclude Include="..\..\FMOD\include\fmod_memoryinfo.h">
      <Filter>헤더 파일\FMOD</Filter>
    </ClInclude>
    <ClInclude Include="..\..\FMOD\include\fmod_output.h">
      <Filter>헤더 파일\FMOD</Filter>
    </ClInclude>
    <ClInclude Include="bgWindow.h">
      <Filter>헤더 파일\bgCore</Filter>
    </ClInclude>
    <ClInclude Include="bgCore.h">
      <Filter>헤더 파일\bgCore</Filter>
    </ClInclude>
    <ClInclude Include="bgTimer.h">
      <Filter>헤더 파일\bgCore</Filter>
    </ClInclude>
    <ClInclude Include="bgSound.h">
      <Filter>헤더 파일\bgCore</Filter>
    </ClInclude>
    <ClInclude Include="bgDWrite.h">
      <Filter>헤더 파일\bgCore</Filter>
    </ClInclude>
    <ClInclude Include="bgDevice.h">
      <Filter>헤더 파일\bgCore</Filter>
    </ClInclude>
    <ClInclude Include="bgCollider.h">
      <Filter>헤더 파일\bgCore</Filter>
    </ClInclude>
    <ClInclude Include="bgSys.h">
      <Filter>헤더 파일\bgCore\Common</Filter>
    </ClInclude>
    <ClInclude Include="bgStd.h">
      <Filter>헤더 파일\bgCore\Common</Filter>
    </ClInclude>
    <ClInclude Include="bgShape.h">
      <Filter>헤더 파일\bgShape</Filter>
    </ClInclude>
    <ClInclude Include="bgShapeGuideAxis.h">
      <Filter>헤더 파일\bgShape</Filter>
    </ClInclude>
    <ClInclude Include="bgCamera.h">
      <Filter>헤더 파일\bgCore</Filter>
    </ClInclude>
    <ClInclude Include="bgDInput.h">
      <Filter>헤더 파일\bgCore</Filter>
    </ClInclude>
    <ClInclude Include="bgShapePlane.h">
      <Filter>헤더 파일\bgShape</Filter>
    </ClInclude>
    <ClInclude Include="bgShapeBox.h">
      <Filter>헤더 파일\bgShape</Filter>
    </ClInclude>
    <ClInclude Include="bgShapeGuideProj.h">
      <Filter>헤더 파일\bgShape</Filter>
    </ClInclude>
    <ClInclude Include="bgArcBall.h">
      <Filter>헤더 파일\bgCore</Filter>
    </ClInclude>
    <ClInclude Include="bgTexture.h">
      <Filter>헤더 파일\bgCore</Filter>
    </ClInclude>
  </ItemGroup>
  <ItemGroup>
    <ClCompile Include="bgWindow.cpp">
      <Filter>소스 파일\bgCore</Filter>
    </ClCompile>
    <ClCompile Include="bgCore.cpp">
      <Filter>소스 파일\bgCore</Filter>
    </ClCompile>
    <ClCompile Include="bgTimer.cpp">
      <Filter>소스 파일\bgCore</Filter>
    </ClCompile>
    <ClCompile Include="bgSound.cpp">
      <Filter>소스 파일\bgCore</Filter>
    </ClCompile>
    <ClCompile Include="bgDWrite.cpp">
      <Filter>소스 파일\bgCore</Filter>
    </ClCompile>
    <ClCompile Include="bgDevice.cpp">
      <Filter>소스 파일\bgCore</Filter>
    </ClCompile>
    <ClCompile Include="bgCollider.cpp">
      <Filter>소스 파일\bgCore</Filter>
    </ClCompile>
    <ClCompile Include="bgShape.cpp">
      <Filter>소스 파일\bgShape</Filter>
    </ClCompile>
    <ClCompile Include="bgShapeGuideAxis.cpp">
      <Filter>소스 파일\bgShape</Filter>
    </ClCompile>
    <ClCompile Include="bgCamera.cpp">
      <Filter>소스 파일\bgCore</Filter>
    </ClCompile>
    <ClCompile Include="bgDInput.cpp">
      <Filter>소스 파일\bgCore</Filter>
    </ClCompile>
    <ClCompile Include="bgShapePlane.cpp">
      <Filter>소스 파일\bgShape</Filter>
    </ClCompile>
    <ClCompile Include="bgShapeBox.cpp">
      <Filter>소스 파일\bgShape</Filter>
    </ClCompile>
    <ClCompile Include="bgShapeGuideProj.cpp">
      <Filter>소스 파일\bgShape</Filter>
    </ClCompile>
    <ClCompile Include="bgArcBall.cpp">
      <Filter>소스 파일\bgCore</Filter>
    </ClCompile>
    <ClCompile Include="bgTexture.cpp">
      <Filter>소스 파일\bgCore</Filter>
    </ClCompile>
  </ItemGroup>
</Project>