<?xml version="1.0" encoding="utf-8"?>
<Project ToolsVersion="4.0" xmlns="http://schemas.microsoft.com/developer/msbuild/2003">
  <ItemGroup>
    <Filter Include="3DMax">
      <UniqueIdentifier>{08271df7-500f-4f0a-86eb-6ea47714ed0d}</UniqueIdentifier>
    </Filter>
    <Filter Include="3DMax\Resource Files">
      <UniqueIdentifier>{ad6e765e-4300-41dc-b185-05b019286785}</UniqueIdentifier>
      <Extensions>ico;cur;bmp;dlg;rc2;rct;bin;rgs;gif;jpg;jpeg;jpe</Extensions>
    </Filter>
    <Filter Include="헤더 파일">
      <UniqueIdentifier>{92f20462-242f-4a0c-883e-b3c33819b84b}</UniqueIdentifier>
      <Extensions>h;hpp;hxx;hm;inl</Extensions>
    </Filter>
    <Filter Include="소스 파일">
      <UniqueIdentifier>{fbad0f2d-faaa-4b0b-865c-583fac8ddcb1}</UniqueIdentifier>
      <Extensions>cpp;c;cxx;rc;def;r;odl;idl;hpj;bat</Extensions>
    </Filter>
    <Filter Include="소스 파일\Exporter">
      <UniqueIdentifier>{c2cfe0a3-195a-46f7-be07-e418d934c194}</UniqueIdentifier>
    </Filter>
    <Filter Include="헤더 파일\Common">
      <UniqueIdentifier>{d806c7b3-e86a-4510-af3a-5097de73032d}</UniqueIdentifier>
    </Filter>
  </ItemGroup>
  <ItemGroup>
    <ClCompile Include="DllEntry.cpp">
      <Filter>3DMax</Filter>
    </ClCompile>
    <ClCompile Include="Max02_BG.cpp">
      <Filter>3DMax</Filter>
    </ClCompile>
    <ClCompile Include="bgExpBGSKN.cpp">
      <Filter>소스 파일\Exporter</Filter>
    </ClCompile>
    <ClCompile Include="bgExpBG3D.cpp">
      <Filter>소스 파일\Exporter</Filter>
    </ClCompile>
    <ClCompile Include="bgExpBGACT.cpp">
      <Filter>소스 파일\Exporter</Filter>
    </ClCompile>
    <ClCompile Include="bgExpBGMTX.cpp">
      <Filter>소스 파일\Exporter</Filter>
    </ClCompile>
    <ClCompile Include="bgObjectMax.cpp">
      <Filter>소스 파일</Filter>
    </ClCompile>
    <ClCompile Include="bgGlobalMax.cpp">
      <Filter>소스 파일</Filter>
    </ClCompile>
    <ClCompile Include="bgAnimMax.cpp">
      <Filter>소스 파일</Filter>
    </ClCompile>
    <ClCompile Include="bgExporterMax.cpp">
      <Filter>소스 파일</Filter>
    </ClCompile>
  </ItemGroup>
  <ItemGroup>
    <ClInclude Include="Max02_BG.h">
      <Filter>3DMax</Filter>
    </ClInclude>
    <ClInclude Include="3dsmaxsdk_preinclude.h">
      <Filter>3DMax</Filter>
    </ClInclude>
    <ClInclude Include="resource.h">
      <Filter>3DMax\Resource Files</Filter>
    </ClInclude>
    <ClInclude Include="bgObjectMax.h">
      <Filter>헤더 파일</Filter>
    </ClInclude>
    <ClInclude Include="bgGlobalMax.h">
      <Filter>헤더 파일</Filter>
    </ClInclude>
    <ClInclude Include="bgAnimMax.h">
      <Filter>헤더 파일</Filter>
    </ClInclude>
    <ClInclude Include="bgExporterMax.h">
      <Filter>헤더 파일</Filter>
    </ClInclude>
    <ClInclude Include="bgTemplateMap.h">
      <Filter>헤더 파일\Common</Filter>
    </ClInclude>
    <ClInclude Include="bgStdMax.h">
      <Filter>헤더 파일\Common</Filter>
    </ClInclude>
  </ItemGroup>
  <ItemGroup>
    <ResourceCompile Include="Max02_BG.rc">
      <Filter>3DMax\Resource Files</Filter>
    </ResourceCompile>
  </ItemGroup>
  <ItemGroup>
    <None Include="Max02_BG.def">
      <Filter>3DMax\Resource Files</Filter>
    </None>
  </ItemGroup>
</Project>