<?xml version="1.0" encoding="utf-8"?>
<Project ToolsVersion="4.0" xmlns="http://schemas.microsoft.com/developer/msbuild/2003">
  <ItemGroup>
    <Filter Include="Source Files">
      <UniqueIdentifier>{fbad0f2d-faaa-4b0b-865c-583fac8ddcb1}</UniqueIdentifier>
      <Extensions>cpp;c;cxx;rc;def;r;odl;idl;hpj;bat</Extensions>
    </Filter>
    <Filter Include="Header Files">
      <UniqueIdentifier>{92f20462-242f-4a0c-883e-b3c33819b84b}</UniqueIdentifier>
      <Extensions>h;hpp;hxx;hm;inl</Extensions>
    </Filter>
    <Filter Include="Resource Files">
      <UniqueIdentifier>{ad6e765e-4300-41dc-b185-05b019286785}</UniqueIdentifier>
      <Extensions>ico;cur;bmp;dlg;rc2;rct;bin;rgs;gif;jpg;jpeg;jpe</Extensions>
    </Filter>
    <Filter Include="3DSMax">
      <UniqueIdentifier>{962a695d-df29-4be5-a64d-044cc10cdefe}</UniqueIdentifier>
    </Filter>
  </ItemGroup>
  <ItemGroup>
    <ClCompile Include="DllEntry.cpp">
      <Filter>3DSMax</Filter>
    </ClCompile>
    <ClCompile Include="Max02_Util100.cpp">
      <Filter>3DSMax</Filter>
    </ClCompile>
    <ClCompile Include="bgMaxWriter.cpp">
      <Filter>Source Files</Filter>
    </ClCompile>
  </ItemGroup>
  <ItemGroup>
    <ClInclude Include="resource.h">
      <Filter>3DSMax</Filter>
    </ClInclude>
    <ClInclude Include="3dsmaxsdk_preinclude.h">
      <Filter>3DSMax</Filter>
    </ClInclude>
    <ClInclude Include="Max02_Util100.h">
      <Filter>3DSMax</Filter>
    </ClInclude>
    <ClInclude Include="bgMaxWriter.h">
      <Filter>Header Files</Filter>
    </ClInclude>
    <ClInclude Include="bgStd.h">
      <Filter>Header Files</Filter>
    </ClInclude>
  </ItemGroup>
  <ItemGroup>
    <None Include="Max02_Util100.def">
      <Filter>3DSMax</Filter>
    </None>
  </ItemGroup>
  <ItemGroup>
    <ResourceCompile Include="Max02_Util100.rc">
      <Filter>3DSMax</Filter>
    </ResourceCompile>
  </ItemGroup>
</Project>