
Microsoft Visual Studio Solution File, Format Version 12.00
# Visual Studio 14
VisualStudioVersion = 14.0.23107.0
MinimumVisualStudioVersion = 10.0.40219.1
Project("{8BC9CEB8-8B4A-11D0-8D11-00A0C91BC942}") = "bgCoreLib", "bgCoreLib\bgCoreLib.vcxproj", "{7EEE75F1-7951-4110-A4AD-43E41443A675}"
EndProject
Project("{8BC9CEB8-8B4A-11D0-8D11-00A0C91BC942}") = "bgBasisServer", "bgBasisServer\bgBasisServer.vcxproj", "{2DC04EC2-6AED-467F-8408-BAFFBAC527D1}"
EndProject
Project("{2150E333-8FDC-42A3-9474-1A3956D46DE8}") = "00_BG", "00_BG", "{DE7A5EC1-1DF9-4632-8725-580A546AD2D0}"
EndProject
Project("{2150E333-8FDC-42A3-9474-1A3956D46DE8}") = "01_KGCA", "01_KGCA", "{7F7DD0C6-40FA-46E1-A51C-623618030338}"
EndProject
Project("{8BC9CEB8-8B4A-11D0-8D11-00A0C91BC942}") = "DX01_Resize", "dx01_resize\dx01_resize.vcxproj", "{5C7051EA-1AD0-43A1-8F40-0439E0534F90}"
	ProjectSection(ProjectDependencies) = postProject
		{7EEE75F1-7951-4110-A4AD-43E41443A675} = {7EEE75F1-7951-4110-A4AD-43E41443A675}
	EndProjectSection
EndProject
Project("{8BC9CEB8-8B4A-11D0-8D11-00A0C91BC942}") = "DX02_ASE", "dx02_ase\dx02_ase.vcxproj", "{9175BA60-F7CB-4674-B46F-79E20806124B}"
	ProjectSection(ProjectDependencies) = postProject
		{7EEE75F1-7951-4110-A4AD-43E41443A675} = {7EEE75F1-7951-4110-A4AD-43E41443A675}
	EndProjectSection
EndProject
Global
	GlobalSection(SolutionConfigurationPlatforms) = preSolution
		Debug|x64 = Debug|x64
		Debug|x86 = Debug|x86
		Release|x64 = Release|x64
		Release|x86 = Release|x86
	EndGlobalSection
	GlobalSection(ProjectConfigurationPlatforms) = postSolution
		{7EEE75F1-7951-4110-A4AD-43E41443A675}.Debug|x64.ActiveCfg = Debug|x64
		{7EEE75F1-7951-4110-A4AD-43E41443A675}.Debug|x64.Build.0 = Debug|x64
		{7EEE75F1-7951-4110-A4AD-43E41443A675}.Debug|x86.ActiveCfg = Debug|Win32
		{7EEE75F1-7951-4110-A4AD-43E41443A675}.Debug|x86.Build.0 = Debug|Win32
		{7EEE75F1-7951-4110-A4AD-43E41443A675}.Release|x64.ActiveCfg = Release|x64
		{7EEE75F1-7951-4110-A4AD-43E41443A675}.Release|x64.Build.0 = Release|x64
		{7EEE75F1-7951-4110-A4AD-43E41443A675}.Release|x86.ActiveCfg = Release|Win32
		{7EEE75F1-7951-4110-A4AD-43E41443A675}.Release|x86.Build.0 = Release|Win32
		{2DC04EC2-6AED-467F-8408-BAFFBAC527D1}.Debug|x64.ActiveCfg = Debug|x64
		{2DC04EC2-6AED-467F-8408-BAFFBAC527D1}.Debug|x64.Build.0 = Debug|x64
		{2DC04EC2-6AED-467F-8408-BAFFBAC527D1}.Debug|x86.ActiveCfg = Debug|Win32
		{2DC04EC2-6AED-467F-8408-BAFFBAC527D1}.Debug|x86.Build.0 = Debug|Win32
		{2DC04EC2-6AED-467F-8408-BAFFBAC527D1}.Release|x64.ActiveCfg = Release|x64
		{2DC04EC2-6AED-467F-8408-BAFFBAC527D1}.Release|x64.Build.0 = Release|x64
		{2DC04EC2-6AED-467F-8408-BAFFBAC527D1}.Release|x86.ActiveCfg = Release|Win32
		{2DC04EC2-6AED-467F-8408-BAFFBAC527D1}.Release|x86.Build.0 = Release|Win32
		{5C7051EA-1AD0-43A1-8F40-0439E0534F90}.Debug|x64.ActiveCfg = Debug|x64
		{5C7051EA-1AD0-43A1-8F40-0439E0534F90}.Debug|x64.Build.0 = Debug|x64
		{5C7051EA-1AD0-43A1-8F40-0439E0534F90}.Debug|x86.ActiveCfg = Debug|Win32
		{5C7051EA-1AD0-43A1-8F40-0439E0534F90}.Debug|x86.Build.0 = Debug|Win32
		{5C7051EA-1AD0-43A1-8F40-0439E0534F90}.Release|x64.ActiveCfg = Release|x64
		{5C7051EA-1AD0-43A1-8F40-0439E0534F90}.Release|x64.Build.0 = Release|x64
		{5C7051EA-1AD0-43A1-8F40-0439E0534F90}.Release|x86.ActiveCfg = Release|Win32
		{5C7051EA-1AD0-43A1-8F40-0439E0534F90}.Release|x86.Build.0 = Release|Win32
		{9175BA60-F7CB-4674-B46F-79E20806124B}.Debug|x64.ActiveCfg = Debug|x64
		{9175BA60-F7CB-4674-B46F-79E20806124B}.Debug|x64.Build.0 = Debug|x64
		{9175BA60-F7CB-4674-B46F-79E20806124B}.Debug|x86.ActiveCfg = Debug|Win32
		{9175BA60-F7CB-4674-B46F-79E20806124B}.Debug|x86.Build.0 = Debug|Win32
		{9175BA60-F7CB-4674-B46F-79E20806124B}.Release|x64.ActiveCfg = Release|x64
		{9175BA60-F7CB-4674-B46F-79E20806124B}.Release|x64.Build.0 = Release|x64
		{9175BA60-F7CB-4674-B46F-79E20806124B}.Release|x86.ActiveCfg = Release|Win32
		{9175BA60-F7CB-4674-B46F-79E20806124B}.Release|x86.Build.0 = Release|Win32
	EndGlobalSection
	GlobalSection(SolutionProperties) = preSolution
		HideSolutionNode = FALSE
	EndGlobalSection
	GlobalSection(NestedProjects) = preSolution
		{7EEE75F1-7951-4110-A4AD-43E41443A675} = {DE7A5EC1-1DF9-4632-8725-580A546AD2D0}
		{2DC04EC2-6AED-467F-8408-BAFFBAC527D1} = {DE7A5EC1-1DF9-4632-8725-580A546AD2D0}
		{5C7051EA-1AD0-43A1-8F40-0439E0534F90} = {7F7DD0C6-40FA-46E1-A51C-623618030338}
		{9175BA60-F7CB-4674-B46F-79E20806124B} = {7F7DD0C6-40FA-46E1-A51C-623618030338}
	EndGlobalSection
EndGlobal
