
Microsoft Visual Studio Solution File, Format Version 12.00
# Visual Studio 14
VisualStudioVersion = 14.0.25420.1
MinimumVisualStudioVersion = 10.0.40219.1
Project("{8BC9CEB8-8B4A-11D0-8D11-00A0C91BC942}") = "bgCoreLib", "bgCoreLib\bgCoreLib.vcxproj", "{7EEE75F1-7951-4110-A4AD-43E41443A675}"
EndProject
Project("{8BC9CEB8-8B4A-11D0-8D11-00A0C91BC942}") = "bgBasisServer", "bgBasisServer\bgBasisServer.vcxproj", "{2DC04EC2-6AED-467F-8408-BAFFBAC527D1}"
EndProject
Project("{2150E333-8FDC-42A3-9474-1A3956D46DE8}") = "00_BG", "00_BG", "{DE7A5EC1-1DF9-4632-8725-580A546AD2D0}"
EndProject
Project("{2150E333-8FDC-42A3-9474-1A3956D46DE8}") = "01_DirectX", "01_DirectX", "{7F7DD0C6-40FA-46E1-A51C-623618030338}"
EndProject
Project("{8BC9CEB8-8B4A-11D0-8D11-00A0C91BC942}") = "DX01_Resize", "dx01_resize\dx01_resize.vcxproj", "{5C7051EA-1AD0-43A1-8F40-0439E0534F90}"
	ProjectSection(ProjectDependencies) = postProject
		{7EEE75F1-7951-4110-A4AD-43E41443A675} = {7EEE75F1-7951-4110-A4AD-43E41443A675}
	EndProjectSection
EndProject
Project("{8BC9CEB8-8B4A-11D0-8D11-00A0C91BC942}") = "DX02_ASE", "dx02_ase\dx02_ase.vcxproj", "{9175BA60-F7CB-4674-B46F-79E20806124B}"
	ProjectSection(ProjectDependencies) = postProject
		{7EEE75F1-7951-4110-A4AD-43E41443A675} = {7EEE75F1-7951-4110-A4AD-43E41443A675}
	EndProjectSection
EndProject
Project("{8BC9CEB8-8B4A-11D0-8D11-00A0C91BC942}") = "DX03_Animation", "dx03_animation\dx03_animation.vcxproj", "{041FAA52-43C3-45EE-957F-ACD90EE7CF01}"
	ProjectSection(ProjectDependencies) = postProject
		{7EEE75F1-7951-4110-A4AD-43E41443A675} = {7EEE75F1-7951-4110-A4AD-43E41443A675}
	EndProjectSection
EndProject
Project("{2150E333-8FDC-42A3-9474-1A3956D46DE8}") = "02_3DMax", "02_3DMax", "{C21F338D-A831-4613-BF4C-F475D8948BB8}"
EndProject
Project("{8BC9CEB8-8B4A-11D0-8D11-00A0C91BC942}") = "Max01_Exporter100", "Max01_Exporter100\Max01_Exporter100.vcxproj", "{6671F0BA-6FB8-4F35-8392-0676D05113A8}"
EndProject
Project("{8BC9CEB8-8B4A-11D0-8D11-00A0C91BC942}") = "DX04_Tree", "dx04_tree\dx04_tree.vcxproj", "{A84716F5-721C-4986-B8C7-DAFF76D3F29F}"
	ProjectSection(ProjectDependencies) = postProject
		{7EEE75F1-7951-4110-A4AD-43E41443A675} = {7EEE75F1-7951-4110-A4AD-43E41443A675}
	EndProjectSection
EndProject
Project("{8BC9CEB8-8B4A-11D0-8D11-00A0C91BC942}") = "MFC05_AI", "mfc05_ai\mfc05_ai.vcxproj", "{C7A7A2D6-7BF4-41FA-8294-8FF0120B04FD}"
	ProjectSection(ProjectDependencies) = postProject
		{7EEE75F1-7951-4110-A4AD-43E41443A675} = {7EEE75F1-7951-4110-A4AD-43E41443A675}
	EndProjectSection
EndProject
Project("{2150E333-8FDC-42A3-9474-1A3956D46DE8}") = "03_MFC", "03_MFC", "{0D002609-D592-4AE8-AEB9-C6D2D76865D5}"
EndProject
Project("{8BC9CEB8-8B4A-11D0-8D11-00A0C91BC942}") = "Max02_BG", "Max02_BG\Max02_BG.vcxproj", "{3138C6CC-0C6C-4DE7-A27D-EE638E6D7F6F}"
EndProject
Global
	GlobalSection(SolutionConfigurationPlatforms) = preSolution
		Debug|x64 = Debug|x64
		Debug|x86 = Debug|x86
		Hybrid|x64 = Hybrid|x64
		Hybrid|x86 = Hybrid|x86
		Release|x64 = Release|x64
		Release|x86 = Release|x86
	EndGlobalSection
	GlobalSection(ProjectConfigurationPlatforms) = postSolution
		{7EEE75F1-7951-4110-A4AD-43E41443A675}.Debug|x64.ActiveCfg = Debug|x64
		{7EEE75F1-7951-4110-A4AD-43E41443A675}.Debug|x64.Build.0 = Debug|x64
		{7EEE75F1-7951-4110-A4AD-43E41443A675}.Debug|x86.ActiveCfg = Debug|Win32
		{7EEE75F1-7951-4110-A4AD-43E41443A675}.Debug|x86.Build.0 = Debug|Win32
		{7EEE75F1-7951-4110-A4AD-43E41443A675}.Hybrid|x64.ActiveCfg = Release|x64
		{7EEE75F1-7951-4110-A4AD-43E41443A675}.Hybrid|x64.Build.0 = Release|x64
		{7EEE75F1-7951-4110-A4AD-43E41443A675}.Hybrid|x86.ActiveCfg = Release|Win32
		{7EEE75F1-7951-4110-A4AD-43E41443A675}.Hybrid|x86.Build.0 = Release|Win32
		{7EEE75F1-7951-4110-A4AD-43E41443A675}.Release|x64.ActiveCfg = Release|x64
		{7EEE75F1-7951-4110-A4AD-43E41443A675}.Release|x64.Build.0 = Release|x64
		{7EEE75F1-7951-4110-A4AD-43E41443A675}.Release|x86.ActiveCfg = Release|Win32
		{7EEE75F1-7951-4110-A4AD-43E41443A675}.Release|x86.Build.0 = Release|Win32
		{2DC04EC2-6AED-467F-8408-BAFFBAC527D1}.Debug|x64.ActiveCfg = Debug|x64
		{2DC04EC2-6AED-467F-8408-BAFFBAC527D1}.Debug|x64.Build.0 = Debug|x64
		{2DC04EC2-6AED-467F-8408-BAFFBAC527D1}.Debug|x86.ActiveCfg = Debug|Win32
		{2DC04EC2-6AED-467F-8408-BAFFBAC527D1}.Debug|x86.Build.0 = Debug|Win32
		{2DC04EC2-6AED-467F-8408-BAFFBAC527D1}.Hybrid|x64.ActiveCfg = Release|x64
		{2DC04EC2-6AED-467F-8408-BAFFBAC527D1}.Hybrid|x64.Build.0 = Release|x64
		{2DC04EC2-6AED-467F-8408-BAFFBAC527D1}.Hybrid|x86.ActiveCfg = Release|Win32
		{2DC04EC2-6AED-467F-8408-BAFFBAC527D1}.Hybrid|x86.Build.0 = Release|Win32
		{2DC04EC2-6AED-467F-8408-BAFFBAC527D1}.Release|x64.ActiveCfg = Release|x64
		{2DC04EC2-6AED-467F-8408-BAFFBAC527D1}.Release|x64.Build.0 = Release|x64
		{2DC04EC2-6AED-467F-8408-BAFFBAC527D1}.Release|x86.ActiveCfg = Release|Win32
		{2DC04EC2-6AED-467F-8408-BAFFBAC527D1}.Release|x86.Build.0 = Release|Win32
		{5C7051EA-1AD0-43A1-8F40-0439E0534F90}.Debug|x64.ActiveCfg = Debug|x64
		{5C7051EA-1AD0-43A1-8F40-0439E0534F90}.Debug|x64.Build.0 = Debug|x64
		{5C7051EA-1AD0-43A1-8F40-0439E0534F90}.Debug|x86.ActiveCfg = Debug|Win32
		{5C7051EA-1AD0-43A1-8F40-0439E0534F90}.Debug|x86.Build.0 = Debug|Win32
		{5C7051EA-1AD0-43A1-8F40-0439E0534F90}.Hybrid|x64.ActiveCfg = Release|x64
		{5C7051EA-1AD0-43A1-8F40-0439E0534F90}.Hybrid|x64.Build.0 = Release|x64
		{5C7051EA-1AD0-43A1-8F40-0439E0534F90}.Hybrid|x86.ActiveCfg = Release|Win32
		{5C7051EA-1AD0-43A1-8F40-0439E0534F90}.Hybrid|x86.Build.0 = Release|Win32
		{5C7051EA-1AD0-43A1-8F40-0439E0534F90}.Release|x64.ActiveCfg = Release|x64
		{5C7051EA-1AD0-43A1-8F40-0439E0534F90}.Release|x64.Build.0 = Release|x64
		{5C7051EA-1AD0-43A1-8F40-0439E0534F90}.Release|x86.ActiveCfg = Release|Win32
		{5C7051EA-1AD0-43A1-8F40-0439E0534F90}.Release|x86.Build.0 = Release|Win32
		{9175BA60-F7CB-4674-B46F-79E20806124B}.Debug|x64.ActiveCfg = Debug|x64
		{9175BA60-F7CB-4674-B46F-79E20806124B}.Debug|x64.Build.0 = Debug|x64
		{9175BA60-F7CB-4674-B46F-79E20806124B}.Debug|x86.ActiveCfg = Debug|Win32
		{9175BA60-F7CB-4674-B46F-79E20806124B}.Debug|x86.Build.0 = Debug|Win32
		{9175BA60-F7CB-4674-B46F-79E20806124B}.Hybrid|x64.ActiveCfg = Release|x64
		{9175BA60-F7CB-4674-B46F-79E20806124B}.Hybrid|x64.Build.0 = Release|x64
		{9175BA60-F7CB-4674-B46F-79E20806124B}.Hybrid|x86.ActiveCfg = Release|Win32
		{9175BA60-F7CB-4674-B46F-79E20806124B}.Hybrid|x86.Build.0 = Release|Win32
		{9175BA60-F7CB-4674-B46F-79E20806124B}.Release|x64.ActiveCfg = Release|x64
		{9175BA60-F7CB-4674-B46F-79E20806124B}.Release|x64.Build.0 = Release|x64
		{9175BA60-F7CB-4674-B46F-79E20806124B}.Release|x86.ActiveCfg = Release|Win32
		{9175BA60-F7CB-4674-B46F-79E20806124B}.Release|x86.Build.0 = Release|Win32
		{041FAA52-43C3-45EE-957F-ACD90EE7CF01}.Debug|x64.ActiveCfg = Debug|x64
		{041FAA52-43C3-45EE-957F-ACD90EE7CF01}.Debug|x64.Build.0 = Debug|x64
		{041FAA52-43C3-45EE-957F-ACD90EE7CF01}.Debug|x86.ActiveCfg = Debug|Win32
		{041FAA52-43C3-45EE-957F-ACD90EE7CF01}.Debug|x86.Build.0 = Debug|Win32
		{041FAA52-43C3-45EE-957F-ACD90EE7CF01}.Hybrid|x64.ActiveCfg = Release|x64
		{041FAA52-43C3-45EE-957F-ACD90EE7CF01}.Hybrid|x64.Build.0 = Release|x64
		{041FAA52-43C3-45EE-957F-ACD90EE7CF01}.Hybrid|x86.ActiveCfg = Release|Win32
		{041FAA52-43C3-45EE-957F-ACD90EE7CF01}.Hybrid|x86.Build.0 = Release|Win32
		{041FAA52-43C3-45EE-957F-ACD90EE7CF01}.Release|x64.ActiveCfg = Release|x64
		{041FAA52-43C3-45EE-957F-ACD90EE7CF01}.Release|x64.Build.0 = Release|x64
		{041FAA52-43C3-45EE-957F-ACD90EE7CF01}.Release|x86.ActiveCfg = Release|Win32
		{041FAA52-43C3-45EE-957F-ACD90EE7CF01}.Release|x86.Build.0 = Release|Win32
		{6671F0BA-6FB8-4F35-8392-0676D05113A8}.Debug|x64.ActiveCfg = Debug|x64
		{6671F0BA-6FB8-4F35-8392-0676D05113A8}.Debug|x64.Build.0 = Debug|x64
		{6671F0BA-6FB8-4F35-8392-0676D05113A8}.Debug|x86.ActiveCfg = Debug|x64
		{6671F0BA-6FB8-4F35-8392-0676D05113A8}.Hybrid|x64.ActiveCfg = Hybrid|x64
		{6671F0BA-6FB8-4F35-8392-0676D05113A8}.Hybrid|x64.Build.0 = Hybrid|x64
		{6671F0BA-6FB8-4F35-8392-0676D05113A8}.Hybrid|x86.ActiveCfg = Hybrid|x64
		{6671F0BA-6FB8-4F35-8392-0676D05113A8}.Release|x64.ActiveCfg = Release|x64
		{6671F0BA-6FB8-4F35-8392-0676D05113A8}.Release|x64.Build.0 = Release|x64
		{6671F0BA-6FB8-4F35-8392-0676D05113A8}.Release|x86.ActiveCfg = Release|x64
		{A84716F5-721C-4986-B8C7-DAFF76D3F29F}.Debug|x64.ActiveCfg = Debug|x64
		{A84716F5-721C-4986-B8C7-DAFF76D3F29F}.Debug|x64.Build.0 = Debug|x64
		{A84716F5-721C-4986-B8C7-DAFF76D3F29F}.Debug|x86.ActiveCfg = Debug|Win32
		{A84716F5-721C-4986-B8C7-DAFF76D3F29F}.Debug|x86.Build.0 = Debug|Win32
		{A84716F5-721C-4986-B8C7-DAFF76D3F29F}.Hybrid|x64.ActiveCfg = Release|x64
		{A84716F5-721C-4986-B8C7-DAFF76D3F29F}.Hybrid|x64.Build.0 = Release|x64
		{A84716F5-721C-4986-B8C7-DAFF76D3F29F}.Hybrid|x86.ActiveCfg = Release|Win32
		{A84716F5-721C-4986-B8C7-DAFF76D3F29F}.Hybrid|x86.Build.0 = Release|Win32
		{A84716F5-721C-4986-B8C7-DAFF76D3F29F}.Release|x64.ActiveCfg = Release|x64
		{A84716F5-721C-4986-B8C7-DAFF76D3F29F}.Release|x64.Build.0 = Release|x64
		{A84716F5-721C-4986-B8C7-DAFF76D3F29F}.Release|x86.ActiveCfg = Release|Win32
		{A84716F5-721C-4986-B8C7-DAFF76D3F29F}.Release|x86.Build.0 = Release|Win32
		{C7A7A2D6-7BF4-41FA-8294-8FF0120B04FD}.Debug|x64.ActiveCfg = Debug|x64
		{C7A7A2D6-7BF4-41FA-8294-8FF0120B04FD}.Debug|x64.Build.0 = Debug|x64
		{C7A7A2D6-7BF4-41FA-8294-8FF0120B04FD}.Debug|x86.ActiveCfg = Debug|Win32
		{C7A7A2D6-7BF4-41FA-8294-8FF0120B04FD}.Debug|x86.Build.0 = Debug|Win32
		{C7A7A2D6-7BF4-41FA-8294-8FF0120B04FD}.Hybrid|x64.ActiveCfg = Release|x64
		{C7A7A2D6-7BF4-41FA-8294-8FF0120B04FD}.Hybrid|x64.Build.0 = Release|x64
		{C7A7A2D6-7BF4-41FA-8294-8FF0120B04FD}.Hybrid|x86.ActiveCfg = Release|Win32
		{C7A7A2D6-7BF4-41FA-8294-8FF0120B04FD}.Hybrid|x86.Build.0 = Release|Win32
		{C7A7A2D6-7BF4-41FA-8294-8FF0120B04FD}.Release|x64.ActiveCfg = Release|x64
		{C7A7A2D6-7BF4-41FA-8294-8FF0120B04FD}.Release|x64.Build.0 = Release|x64
		{C7A7A2D6-7BF4-41FA-8294-8FF0120B04FD}.Release|x86.ActiveCfg = Release|Win32
		{C7A7A2D6-7BF4-41FA-8294-8FF0120B04FD}.Release|x86.Build.0 = Release|Win32
		{3138C6CC-0C6C-4DE7-A27D-EE638E6D7F6F}.Debug|x64.ActiveCfg = Debug|x64
		{3138C6CC-0C6C-4DE7-A27D-EE638E6D7F6F}.Debug|x64.Build.0 = Debug|x64
		{3138C6CC-0C6C-4DE7-A27D-EE638E6D7F6F}.Debug|x86.ActiveCfg = Debug|x64
		{3138C6CC-0C6C-4DE7-A27D-EE638E6D7F6F}.Hybrid|x64.ActiveCfg = Hybrid|x64
		{3138C6CC-0C6C-4DE7-A27D-EE638E6D7F6F}.Hybrid|x64.Build.0 = Hybrid|x64
		{3138C6CC-0C6C-4DE7-A27D-EE638E6D7F6F}.Hybrid|x86.ActiveCfg = Hybrid|x64
		{3138C6CC-0C6C-4DE7-A27D-EE638E6D7F6F}.Release|x64.ActiveCfg = Release|x64
		{3138C6CC-0C6C-4DE7-A27D-EE638E6D7F6F}.Release|x64.Build.0 = Release|x64
		{3138C6CC-0C6C-4DE7-A27D-EE638E6D7F6F}.Release|x86.ActiveCfg = Release|x64
	EndGlobalSection
	GlobalSection(SolutionProperties) = preSolution
		HideSolutionNode = FALSE
	EndGlobalSection
	GlobalSection(NestedProjects) = preSolution
		{7EEE75F1-7951-4110-A4AD-43E41443A675} = {DE7A5EC1-1DF9-4632-8725-580A546AD2D0}
		{2DC04EC2-6AED-467F-8408-BAFFBAC527D1} = {DE7A5EC1-1DF9-4632-8725-580A546AD2D0}
		{5C7051EA-1AD0-43A1-8F40-0439E0534F90} = {7F7DD0C6-40FA-46E1-A51C-623618030338}
		{9175BA60-F7CB-4674-B46F-79E20806124B} = {7F7DD0C6-40FA-46E1-A51C-623618030338}
		{041FAA52-43C3-45EE-957F-ACD90EE7CF01} = {7F7DD0C6-40FA-46E1-A51C-623618030338}
		{6671F0BA-6FB8-4F35-8392-0676D05113A8} = {C21F338D-A831-4613-BF4C-F475D8948BB8}
		{A84716F5-721C-4986-B8C7-DAFF76D3F29F} = {7F7DD0C6-40FA-46E1-A51C-623618030338}
		{C7A7A2D6-7BF4-41FA-8294-8FF0120B04FD} = {0D002609-D592-4AE8-AEB9-C6D2D76865D5}
		{3138C6CC-0C6C-4DE7-A27D-EE638E6D7F6F} = {C21F338D-A831-4613-BF4C-F475D8948BB8}
	EndGlobalSection
EndGlobal
